<?xml version="1.0" encoding="utf-8"?>
<Project ToolsVersion="4.0" xmlns="http://schemas.microsoft.com/developer/msbuild/2003">
  <ItemGroup>
    <Filter Include="Source Files">
      <UniqueIdentifier>{4FC737F1-C7A5-4376-A066-2A32D752A2FF}</UniqueIdentifier>
      <Extensions>cpp;c;cc;cxx;c++;cppm;ixx;def;odl;idl;hpj;bat;asm;asmx</Extensions>
    </Filter>
    <Filter Include="Header Files">
      <UniqueIdentifier>{93995380-89BD-4b04-88EB-625FBE52EBFB}</UniqueIdentifier>
      <Extensions>h;hh;hpp;hxx;h++;hm;inl;inc;ipp;xsd</Extensions>
    </Filter>
    <Filter Include="Resource Files">
      <UniqueIdentifier>{67DA6AB6-F800-4c08-8B7A-83BB121AAD01}</UniqueIdentifier>
      <Extensions>rc;ico;cur;bmp;dlg;rc2;rct;bin;rgs;gif;jpg;jpeg;jpe;resx;tiff;tif;png;wav;mfcribbon-ms</Extensions>
    </Filter>
  </ItemGroup>
  <ItemGroup>
    <ClCompile Include="src\allocation_logger.cpp">
      <Filter>Source Files</Filter>
    </ClCompile>
    <ClCompile Include="src\blob_store.cpp">
      <Filter>Source Files</Filter>
    </ClCompile>
    <ClCompile Include="src\chunk_manager.cpp">
      <Filter>Source Files</Filter>
    </ClCompile>
    <ClCompile Include="src\fixed_string.cpp">
      <Filter>Source Files</Filter>
    </ClCompile>
    <ClCompile Include="src\nodes.cpp">
      <Filter>Source Files</Filter>
    </ClCompile>
    <ClCompile Include="src\shared_memory_buffer.cpp">
      <Filter>Source Files</Filter>
    </ClCompile>
    <ClCompile Include="src\shm_allocator.cpp">
      <Filter>Source Files</Filter>
    </ClCompile>
    <ClCompile Include="src\string_slice.cpp">
      <Filter>Source Files</Filter>
    </ClCompile>
    <ClCompile Include="src\utils.cpp">
      <Filter>Source Files</Filter>
    </ClCompile>
    <ClCompile Include="Main.cpp">
      <Filter>Source Files</Filter>
    </ClCompile>
  </ItemGroup>
  <ItemGroup>
    <ClInclude Include="include\allocation_logger.h">
      <Filter>Header Files</Filter>
    </ClInclude>
    <ClInclude Include="include\b_plus_tree.h">
      <Filter>Header Files</Filter>
    </ClInclude>
    <ClInclude Include="include\b_plus_tree_base.h">
      <Filter>Header Files</Filter>
    </ClInclude>
    <ClInclude Include="include\blob_metadata.h">
      <Filter>Header Files</Filter>
    </ClInclude>
    <ClInclude Include="include\blob_store.h">
      <Filter>Header Files</Filter>
    </ClInclude>
    <ClInclude Include="include\blob_store_base.h">
      <Filter>Header Files</Filter>
    </ClInclude>
    <ClInclude Include="include\blob_store_object.h">
      <Filter>Header Files</Filter>
    </ClInclude>
    <ClInclude Include="include\buffer.h">
      <Filter>Header Files</Filter>
    </ClInclude>
    <ClInclude Include="include\buffer_factory.h">
      <Filter>Header Files</Filter>
    </ClInclude>
    <ClInclude Include="include\chunk_manager.h">
      <Filter>Header Files</Filter>
    </ClInclude>
    <ClInclude Include="include\chunked_vector.h">
      <Filter>Header Files</Filter>
    </ClInclude>
    <ClInclude Include="include\fixed_string.h">
      <Filter>Header Files</Filter>
    </ClInclude>
    <ClInclude Include="include\nodes.h">
      <Filter>Header Files</Filter>
    </ClInclude>
    <ClInclude Include="include\shared_memory_buffer.h">
      <Filter>Header Files</Filter>
    </ClInclude>
    <ClInclude Include="include\shared_memory_buffer_factory.h">
      <Filter>Header Files</Filter>
    </ClInclude>
    <ClInclude Include="include\shm_allocator.h">
      <Filter>Header Files</Filter>
    </ClInclude>
    <ClInclude Include="include\shm_node.h">
      <Filter>Header Files</Filter>
    </ClInclude>
    <ClInclude Include="include\storage_traits.h">
      <Filter>Header Files</Filter>
    </ClInclude>
    <ClInclude Include="include\string_slice.h">
      <Filter>Header Files</Filter>
    </ClInclude>
    <ClInclude Include="include\test_memory_buffer.h">
      <Filter>Header Files</Filter>
    </ClInclude>
    <ClInclude Include="include\test_memory_buffer_factory.h">
      <Filter>Header Files</Filter>
    </ClInclude>
    <ClInclude Include="include\transaction.h">
      <Filter>Header Files</Filter>
    </ClInclude>
    <ClInclude Include="include\tree_iterator.h">
      <Filter>Header Files</Filter>
    </ClInclude>
    <ClInclude Include="include\utils.h">
      <Filter>Header Files</Filter>
    </ClInclude>
    <ClInclude Include="Main.h">
      <Filter>Header Files</Filter>
    </ClInclude>
  </ItemGroup>
</Project>